
Microsoft Visual Studio Solution File, Format Version 12.00
# Visual Studio Version 16
VisualStudioVersion = 16.0.29709.97
MinimumVisualStudioVersion = 10.0.40219.1
Project("{9A19103F-16F7-4668-BE54-9A1E7A4F7556}") = "Blazor.WebAssembly", "Blazor.Client\Blazor.WebAssembly.csproj", "{3D286B06-263A-4149-BE6B-F5CC3616D05E}"
EndProject
Project("{9A19103F-16F7-4668-BE54-9A1E7A4F7556}") = "API", "Blazor.Server\API.csproj", "{73853EFF-C709-4A17-9F6E-671B34F37F83}"
EndProject
Global
	GlobalSection(SolutionConfigurationPlatforms) = preSolution
		Debug|Any CPU = Debug|Any CPU
		Release|Any CPU = Release|Any CPU
	EndGlobalSection
	GlobalSection(ProjectConfigurationPlatforms) = postSolution
		{3D286B06-263A-4149-BE6B-F5CC3616D05E}.Debug|Any CPU.ActiveCfg = Debug|Any CPU
		{3D286B06-263A-4149-BE6B-F5CC3616D05E}.Debug|Any CPU.Build.0 = Debug|Any CPU
		{3D286B06-263A-4149-BE6B-F5CC3616D05E}.Release|Any CPU.ActiveCfg = Release|Any CPU
		{3D286B06-263A-4149-BE6B-F5CC3616D05E}.Release|Any CPU.Build.0 = Release|Any CPU
		{73853EFF-C709-4A17-9F6E-671B34F37F83}.Debug|Any CPU.ActiveCfg = Debug|Any CPU
		{73853EFF-C709-4A17-9F6E-671B34F37F83}.Debug|Any CPU.Build.0 = Debug|Any CPU
		{73853EFF-C709-4A17-9F6E-671B34F37F83}.Release|Any CPU.ActiveCfg = Release|Any CPU
		{73853EFF-C709-4A17-9F6E-671B34F37F83}.Release|Any CPU.Build.0 = Release|Any CPU
	EndGlobalSection
	GlobalSection(SolutionProperties) = preSolution
		HideSolutionNode = FALSE
	EndGlobalSection
	GlobalSection(ExtensibilityGlobals) = postSolution
		SolutionGuid = {EDB54F58-A875-4553-94C5-41D89D998357}
	EndGlobalSection
EndGlobal
